
Microsoft Visual Studio Solution File, Format Version 12.00
# Visual Studio Version 17
VisualStudioVersion = 17.10.35122.118
MinimumVisualStudioVersion = 10.0.40219.1
Project("{FAE04EC0-301F-11D3-BF4B-00C04F79EFBC}") = "WinLocker", "WinLocker\WinLocker.csproj", "{99A00D52-B74E-414C-881C-630570BC81E8}"
EndProject
Global
	GlobalSection(SolutionConfigurationPlatforms) = preSolution
		Debug|Any CPU = Debug|Any CPU
		Release|Any CPU = Release|Any CPU
	EndGlobalSection
	GlobalSection(ProjectConfigurationPlatforms) = postSolution
		{99A00D52-B74E-414C-881C-630570BC81E8}.Debug|Any CPU.ActiveCfg = Debug|Any CPU
		{99A00D52-B74E-414C-881C-630570BC81E8}.Debug|Any CPU.Build.0 = Debug|Any CPU
		{99A00D52-B74E-414C-881C-630570BC81E8}.Release|Any CPU.ActiveCfg = Release|Any CPU
		{99A00D52-B74E-414C-881C-630570BC81E8}.Release|Any CPU.Build.0 = Release|Any CPU
	EndGlobalSection
	GlobalSection(SolutionProperties) = preSolution
		HideSolutionNode = FALSE
	EndGlobalSection
	GlobalSection(ExtensibilityGlobals) = postSolution
		SolutionGuid = {5695FDA0-4CBB-410C-A8AA-DCD3038725C6}
	EndGlobalSection
EndGlobal
